
Microsoft Visual Studio Solution File, Format Version 12.00
# Visual Studio Version 17
VisualStudioVersion = 17.10.34928.147
MinimumVisualStudioVersion = 10.0.40219.1
Project("{2150E333-8FDC-42A3-9474-1A3956D46DE8}") = "Services", "Services", "{07D12E3E-49A3-441C-807A-0E51CAD03D18}"
EndProject
Project("{2150E333-8FDC-42A3-9474-1A3956D46DE8}") = "Catalog", "Catalog", "{4BC8A838-9153-4ED0-A23E-0CA6D96BBE84}"
EndProject
Project("{9A19103F-16F7-4668-BE54-9A1E7A4F7556}") = "Catalog.API", "Catalog.API\Catalog.API.csproj", "{E7D1A140-0335-471F-B698-365C47964741}"
EndProject
Project("{2150E333-8FDC-42A3-9474-1A3956D46DE8}") = "BuildingBlocks", "BuildingBlocks", "{ADD20A42-901D-4ADB-B820-BCE18D775A65}"
EndProject
Project("{9A19103F-16F7-4668-BE54-9A1E7A4F7556}") = "BuildingBlocks", "BuildingBlocks\BuildingBlocks\BuildingBlocks.csproj", "{09021FE9-42B2-4C6D-986C-26766F09E738}"
EndProject
Project("{E53339B2-1760-4266-BCC7-CA923CBCF16C}") = "docker-compose", "docker-compose.dcproj", "{6265B25C-3C27-461A-AFAF-2C4291CBD548}"
EndProject
Project("{2150E333-8FDC-42A3-9474-1A3956D46DE8}") = "Basket", "Basket", "{C420CB16-6A7E-4E71-996A-DE4D51FC2443}"
EndProject
Project("{9A19103F-16F7-4668-BE54-9A1E7A4F7556}") = "Basket.API", "Basket.API\Basket.API.csproj", "{7BB7AEE9-1034-45AC-87AA-B394756F4C7F}"
EndProject
Project("{2150E333-8FDC-42A3-9474-1A3956D46DE8}") = "Discount", "Discount", "{D0E77CE0-643B-4DA6-AB30-0B2C87EF4391}"
EndProject
Project("{9A19103F-16F7-4668-BE54-9A1E7A4F7556}") = "Discount.Grpc", "Services\Discount\Discount.Grpc\Discount.Grpc.csproj", "{3EB49748-E53D-4B5E-B763-F9B728089F11}"
EndProject
Project("{FAE04EC0-301F-11D3-BF4B-00C04F79EFBC}") = "Ordering.API", "Services\Ordering\Ordering.API\Ordering.API.csproj", "{E821F80F-F52A-4FDF-857D-0CCF11625B4D}"
EndProject
Project("{2150E333-8FDC-42A3-9474-1A3956D46DE8}") = "Ordering", "Ordering", "{AD309324-6796-46C0-80EF-126D59ED0A1A}"
EndProject
Project("{FAE04EC0-301F-11D3-BF4B-00C04F79EFBC}") = "Ordering.Application", "Services\Ordering\Ordering.Application\Ordering.Application.csproj", "{330F4124-DE32-4B67-820E-BB8B192BAC0E}"
EndProject
Project("{FAE04EC0-301F-11D3-BF4B-00C04F79EFBC}") = "Ordering.Domain", "Services\Ordering\Ordering.Domain\Ordering.Domain.csproj", "{39A4D233-79C4-4393-A931-9C0811E235F7}"
EndProject
Project("{FAE04EC0-301F-11D3-BF4B-00C04F79EFBC}") = "Ordering.Infrastructure", "Services\Ordering\Ordering.Infrastructure\Ordering.Infrastructure.csproj", "{02393FFF-FDB7-4E95-8136-4BBCE9BF055F}"
EndProject
Global
	GlobalSection(SolutionConfigurationPlatforms) = preSolution
		Debug|Any CPU = Debug|Any CPU
		Release|Any CPU = Release|Any CPU
	EndGlobalSection
	GlobalSection(ProjectConfigurationPlatforms) = postSolution
		{E7D1A140-0335-471F-B698-365C47964741}.Debug|Any CPU.ActiveCfg = Debug|Any CPU
		{E7D1A140-0335-471F-B698-365C47964741}.Debug|Any CPU.Build.0 = Debug|Any CPU
		{E7D1A140-0335-471F-B698-365C47964741}.Release|Any CPU.ActiveCfg = Release|Any CPU
		{E7D1A140-0335-471F-B698-365C47964741}.Release|Any CPU.Build.0 = Release|Any CPU
		{09021FE9-42B2-4C6D-986C-26766F09E738}.Debug|Any CPU.ActiveCfg = Debug|Any CPU
		{09021FE9-42B2-4C6D-986C-26766F09E738}.Debug|Any CPU.Build.0 = Debug|Any CPU
		{09021FE9-42B2-4C6D-986C-26766F09E738}.Release|Any CPU.ActiveCfg = Release|Any CPU
		{09021FE9-42B2-4C6D-986C-26766F09E738}.Release|Any CPU.Build.0 = Release|Any CPU
		{6265B25C-3C27-461A-AFAF-2C4291CBD548}.Debug|Any CPU.ActiveCfg = Debug|Any CPU
		{6265B25C-3C27-461A-AFAF-2C4291CBD548}.Debug|Any CPU.Build.0 = Debug|Any CPU
		{6265B25C-3C27-461A-AFAF-2C4291CBD548}.Release|Any CPU.ActiveCfg = Release|Any CPU
		{6265B25C-3C27-461A-AFAF-2C4291CBD548}.Release|Any CPU.Build.0 = Release|Any CPU
		{7BB7AEE9-1034-45AC-87AA-B394756F4C7F}.Debug|Any CPU.ActiveCfg = Debug|Any CPU
		{7BB7AEE9-1034-45AC-87AA-B394756F4C7F}.Debug|Any CPU.Build.0 = Debug|Any CPU
		{7BB7AEE9-1034-45AC-87AA-B394756F4C7F}.Release|Any CPU.ActiveCfg = Release|Any CPU
		{7BB7AEE9-1034-45AC-87AA-B394756F4C7F}.Release|Any CPU.Build.0 = Release|Any CPU
		{3EB49748-E53D-4B5E-B763-F9B728089F11}.Debug|Any CPU.ActiveCfg = Debug|Any CPU
		{3EB49748-E53D-4B5E-B763-F9B728089F11}.Debug|Any CPU.Build.0 = Debug|Any CPU
		{3EB49748-E53D-4B5E-B763-F9B728089F11}.Release|Any CPU.ActiveCfg = Release|Any CPU
		{3EB49748-E53D-4B5E-B763-F9B728089F11}.Release|Any CPU.Build.0 = Release|Any CPU
		{E821F80F-F52A-4FDF-857D-0CCF11625B4D}.Debug|Any CPU.ActiveCfg = Debug|Any CPU
		{E821F80F-F52A-4FDF-857D-0CCF11625B4D}.Debug|Any CPU.Build.0 = Debug|Any CPU
		{E821F80F-F52A-4FDF-857D-0CCF11625B4D}.Release|Any CPU.ActiveCfg = Release|Any CPU
		{E821F80F-F52A-4FDF-857D-0CCF11625B4D}.Release|Any CPU.Build.0 = Release|Any CPU
		{330F4124-DE32-4B67-820E-BB8B192BAC0E}.Debug|Any CPU.ActiveCfg = Debug|Any CPU
		{330F4124-DE32-4B67-820E-BB8B192BAC0E}.Debug|Any CPU.Build.0 = Debug|Any CPU
		{330F4124-DE32-4B67-820E-BB8B192BAC0E}.Release|Any CPU.ActiveCfg = Release|Any CPU
		{330F4124-DE32-4B67-820E-BB8B192BAC0E}.Release|Any CPU.Build.0 = Release|Any CPU
		{39A4D233-79C4-4393-A931-9C0811E235F7}.Debug|Any CPU.ActiveCfg = Debug|Any CPU
		{39A4D233-79C4-4393-A931-9C0811E235F7}.Debug|Any CPU.Build.0 = Debug|Any CPU
		{39A4D233-79C4-4393-A931-9C0811E235F7}.Release|Any CPU.ActiveCfg = Release|Any CPU
		{39A4D233-79C4-4393-A931-9C0811E235F7}.Release|Any CPU.Build.0 = Release|Any CPU
		{02393FFF-FDB7-4E95-8136-4BBCE9BF055F}.Debug|Any CPU.ActiveCfg = Debug|Any CPU
		{02393FFF-FDB7-4E95-8136-4BBCE9BF055F}.Debug|Any CPU.Build.0 = Debug|Any CPU
		{02393FFF-FDB7-4E95-8136-4BBCE9BF055F}.Release|Any CPU.ActiveCfg = Release|Any CPU
		{02393FFF-FDB7-4E95-8136-4BBCE9BF055F}.Release|Any CPU.Build.0 = Release|Any CPU
	EndGlobalSection
	GlobalSection(SolutionProperties) = preSolution
		HideSolutionNode = FALSE
	EndGlobalSection
	GlobalSection(NestedProjects) = preSolution
		{4BC8A838-9153-4ED0-A23E-0CA6D96BBE84} = {07D12E3E-49A3-441C-807A-0E51CAD03D18}
		{E7D1A140-0335-471F-B698-365C47964741} = {4BC8A838-9153-4ED0-A23E-0CA6D96BBE84}
		{09021FE9-42B2-4C6D-986C-26766F09E738} = {ADD20A42-901D-4ADB-B820-BCE18D775A65}
		{C420CB16-6A7E-4E71-996A-DE4D51FC2443} = {07D12E3E-49A3-441C-807A-0E51CAD03D18}
		{7BB7AEE9-1034-45AC-87AA-B394756F4C7F} = {C420CB16-6A7E-4E71-996A-DE4D51FC2443}
		{D0E77CE0-643B-4DA6-AB30-0B2C87EF4391} = {07D12E3E-49A3-441C-807A-0E51CAD03D18}
		{3EB49748-E53D-4B5E-B763-F9B728089F11} = {D0E77CE0-643B-4DA6-AB30-0B2C87EF4391}
		{E821F80F-F52A-4FDF-857D-0CCF11625B4D} = {AD309324-6796-46C0-80EF-126D59ED0A1A}
		{AD309324-6796-46C0-80EF-126D59ED0A1A} = {07D12E3E-49A3-441C-807A-0E51CAD03D18}
		{330F4124-DE32-4B67-820E-BB8B192BAC0E} = {AD309324-6796-46C0-80EF-126D59ED0A1A}
		{39A4D233-79C4-4393-A931-9C0811E235F7} = {AD309324-6796-46C0-80EF-126D59ED0A1A}
		{02393FFF-FDB7-4E95-8136-4BBCE9BF055F} = {AD309324-6796-46C0-80EF-126D59ED0A1A}
	EndGlobalSection
	GlobalSection(ExtensibilityGlobals) = postSolution
		SolutionGuid = {7491B0F3-5259-45F0-B29A-5A31FB7F8538}
	EndGlobalSection
EndGlobal
